# This file was autogenerated by Stack.
# You should not edit this file by hand.
# For more information, please see the documentation at:
#   https://docs.haskellstack.org/en/stable/lock_files

packages:
- completed:
    name: duckling
    version: 0.1.6.1
    git: https://github.com/treble-ai/duckling.git
    pantry-tree:
      size: 72674
      sha256: 0b548b7117894caa7fcfebb6053ff3421eaf32435b0062a0de54e103c255e846
    commit: c6655319f17d725c8af6d2f2ac42fe747eab6a3c
  original:
    git: https://github.com/treble-ai/duckling.git
    commit: c6655319f17d725c8af6d2f2ac42fe747eab6a3c
snapshots:
- completed:
    size: 523448
    url: https://raw.githubusercontent.com/commercialhaskell/stackage-snapshots/master/lts/14/1.yaml
    sha256: 0045b9bae36c3bb2dd374c29b586389845af1557eea0423958d152fc500d4fbf
  original: lts-14.1
